
Microsoft Visual Studio Solution File, Format Version 12.00
# Visual Studio 15
VisualStudioVersion = 15.0.28307.1433
MinimumVisualStudioVersion = 10.0.40219.1
Project("{FAE04EC0-301F-11D3-BF4B-00C04F79EFBC}") = "Soma", "Soma\Soma.csproj", "{CDDF53CD-E572-4167-BF2C-75504B039167}"
EndProject
Global
	GlobalSection(SolutionConfigurationPlatforms) = preSolution
		Debug|Any CPU = Debug|Any CPU
		Release|Any CPU = Release|Any CPU
	EndGlobalSection
	GlobalSection(ProjectConfigurationPlatforms) = postSolution
		{CDDF53CD-E572-4167-BF2C-75504B039167}.Debug|Any CPU.ActiveCfg = Debug|Any CPU
		{CDDF53CD-E572-4167-BF2C-75504B039167}.Debug|Any CPU.Build.0 = Debug|Any CPU
		{CDDF53CD-E572-4167-BF2C-75504B039167}.Release|Any CPU.ActiveCfg = Release|Any CPU
		{CDDF53CD-E572-4167-BF2C-75504B039167}.Release|Any CPU.Build.0 = Release|Any CPU
	EndGlobalSection
	GlobalSection(SolutionProperties) = preSolution
		HideSolutionNode = FALSE
	EndGlobalSection
	GlobalSection(ExtensibilityGlobals) = postSolution
		SolutionGuid = {A175E141-3EB3-4136-AE92-714B6C41E9A2}
	EndGlobalSection
EndGlobal
